
Microsoft Visual Studio Solution File, Format Version 12.00
# Visual Studio Version 17
VisualStudioVersion = 17.7.34031.279
MinimumVisualStudioVersion = 10.0.40219.1
Project("{FAE04EC0-301F-11D3-BF4B-00C04F79EFBC}") = "CourseWorkWithDB", "CourseWorkWithDB.csproj", "{403FD5F1-F551-4566-94F2-B5E2A286FDFD}"
EndProject
Global
	GlobalSection(SolutionConfigurationPlatforms) = preSolution
		Debug|Any CPU = Debug|Any CPU
		Release|Any CPU = Release|Any CPU
	EndGlobalSection
	GlobalSection(ProjectConfigurationPlatforms) = postSolution
		{403FD5F1-F551-4566-94F2-B5E2A286FDFD}.Debug|Any CPU.ActiveCfg = Debug|Any CPU
		{403FD5F1-F551-4566-94F2-B5E2A286FDFD}.Debug|Any CPU.Build.0 = Debug|Any CPU
		{403FD5F1-F551-4566-94F2-B5E2A286FDFD}.Release|Any CPU.ActiveCfg = Release|Any CPU
		{403FD5F1-F551-4566-94F2-B5E2A286FDFD}.Release|Any CPU.Build.0 = Release|Any CPU
	EndGlobalSection
	GlobalSection(SolutionProperties) = preSolution
		HideSolutionNode = FALSE
	EndGlobalSection
	GlobalSection(ExtensibilityGlobals) = postSolution
		SolutionGuid = {AA5F449D-3EC9-49C8-84BE-142B67F461D5}
	EndGlobalSection
EndGlobal
